
Microsoft Visual Studio Solution File, Format Version 12.00
# Visual Studio Version 17
VisualStudioVersion = 17.6.33829.357
MinimumVisualStudioVersion = 10.0.40219.1
Project("{FAE04EC0-301F-11D3-BF4B-00C04F79EFBC}") = "Seçim_Uygulama", "Seçim_Uygulama.csproj", "{F317A759-7346-4F77-8353-005592D6D862}"
EndProject
Global
	GlobalSection(SolutionConfigurationPlatforms) = preSolution
		Debug|Any CPU = Debug|Any CPU
		Release|Any CPU = Release|Any CPU
	EndGlobalSection
	GlobalSection(ProjectConfigurationPlatforms) = postSolution
		{F317A759-7346-4F77-8353-005592D6D862}.Debug|Any CPU.ActiveCfg = Debug|Any CPU
		{F317A759-7346-4F77-8353-005592D6D862}.Debug|Any CPU.Build.0 = Debug|Any CPU
		{F317A759-7346-4F77-8353-005592D6D862}.Release|Any CPU.ActiveCfg = Release|Any CPU
		{F317A759-7346-4F77-8353-005592D6D862}.Release|Any CPU.Build.0 = Release|Any CPU
	EndGlobalSection
	GlobalSection(SolutionProperties) = preSolution
		HideSolutionNode = FALSE
	EndGlobalSection
	GlobalSection(ExtensibilityGlobals) = postSolution
		SolutionGuid = {8F3BEA7B-B9A9-4D8C-A4C2-1BADC28D7D0E}
	EndGlobalSection
EndGlobal
